// !$*UTF8*$!
{
	archiveVersion = 1;
	classes = {
	};
	objectVersion = 50;
	objects = {

/* Begin PBXBuildFile section */
		638D67E227314F7C00E2CAB5 /* AppDelegate.swift in Sources */ = {isa = PBXBuildFile; fileRef = 638D67E127314F7C00E2CAB5 /* AppDelegate.swift */; };
		638D67E427314F7C00E2CAB5 /* SceneDelegate.swift in Sources */ = {isa = PBXBuildFile; fileRef = 638D67E327314F7C00E2CAB5 /* SceneDelegate.swift */; };
		638D67E627314F7C00E2CAB5 /* ViewController.swift in Sources */ = {isa = PBXBuildFile; fileRef = 638D67E527314F7C00E2CAB5 /* ViewController.swift */; };
		638D67E927314F7C00E2CAB5 /* Main.storyboard in Resources */ = {isa = PBXBuildFile; fileRef = 638D67E727314F7C00E2CAB5 /* Main.storyboard */; };
		638D67EB27314F8300E2CAB5 /* Assets.xcassets in Resources */ = {isa = PBXBuildFile; fileRef = 638D67EA27314F8300E2CAB5 /* Assets.xcassets */; };
		638D67EE27314F8300E2CAB5 /* LaunchScreen.storyboard in Resources */ = {isa = PBXBuildFile; fileRef = 638D67EC27314F8300E2CAB5 /* LaunchScreen.storyboard */; };
		638D67F927314F8400E2CAB5 /* celo_reference_appTests.swift in Sources */ = {isa = PBXBuildFile; fileRef = 638D67F827314F8400E2CAB5 /* celo_reference_appTests.swift */; };
		638D680427314F8400E2CAB5 /* celo_reference_appUITests.swift in Sources */ = {isa = PBXBuildFile; fileRef = 638D680327314F8400E2CAB5 /* celo_reference_appUITests.swift */; };
		638D6A9D2742767900E2CAB5 /* CreateNewAccount.swift in Sources */ = {isa = PBXBuildFile; fileRef = 638D6A9C2742767900E2CAB5 /* CreateNewAccount.swift */; };
		638D6AA12742781400E2CAB5 /* ViewControllerTest.swift in Sources */ = {isa = PBXBuildFile; fileRef = 638D6AA02742781400E2CAB5 /* ViewControllerTest.swift */; };
		63F4A5C22756A5DF00930160 /* celo_sdk_ios.framework in Frameworks */ = {isa = PBXBuildFile; fileRef = 63F4A5C12756A5DF00930160 /* celo_sdk_ios.framework */; };
/* End PBXBuildFile section */

/* Begin PBXContainerItemProxy section */
		638D67F527314F8400E2CAB5 /* PBXContainerItemProxy */ = {
			isa = PBXContainerItemProxy;
			containerPortal = 638D67D627314F7C00E2CAB5 /* Project object */;
			proxyType = 1;
			remoteGlobalIDString = 638D67DD27314F7C00E2CAB5;
			remoteInfo = "celo-reference-app";
		};
		638D680027314F8400E2CAB5 /* PBXContainerItemProxy */ = {
			isa = PBXContainerItemProxy;
			containerPortal = 638D67D627314F7C00E2CAB5 /* Project object */;
			proxyType = 1;
			remoteGlobalIDString = 638D67DD27314F7C00E2CAB5;
			remoteInfo = "celo-reference-app";
		};
/* End PBXContainerItemProxy section */

/* Begin PBXCopyFilesBuildPhase section */
		637D7CEF2756748A006A6CDD /* Embed Frameworks */ = {
			isa = PBXCopyFilesBuildPhase;
			buildActionMask = 2147483647;
			dstPath = "";
			dstSubfolderSpec = 10;
			files = (
			);
			name = "Embed Frameworks";
			runOnlyForDeploymentPostprocessing = 0;
		};
/* End PBXCopyFilesBuildPhase section */

/* Begin PBXFileReference section */
		638D67DE27314F7C00E2CAB5 /* celo-reference-app.app */ = {isa = PBXFileReference; explicitFileType = wrapper.application; includeInIndex = 0; path = "celo-reference-app.app"; sourceTree = BUILT_PRODUCTS_DIR; };
		638D67E127314F7C00E2CAB5 /* AppDelegate.swift */ = {isa = PBXFileReference; lastKnownFileType = sourcecode.swift; path = AppDelegate.swift; sourceTree = "<group>"; };
		638D67E327314F7C00E2CAB5 /* SceneDelegate.swift */ = {isa = PBXFileReference; lastKnownFileType = sourcecode.swift; path = SceneDelegate.swift; sourceTree = "<group>"; };
		638D67E527314F7C00E2CAB5 /* ViewController.swift */ = {isa = PBXFileReference; lastKnownFileType = sourcecode.swift; path = ViewController.swift; sourceTree = "<group>"; };
		638D67E827314F7C00E2CAB5 /* Base */ = {isa = PBXFileReference; lastKnownFileType = file.storyboard; name = Base; path = Base.lproj/Main.storyboard; sourceTree = "<group>"; };
		638D67EA27314F8300E2CAB5 /* Assets.xcassets */ = {isa = PBXFileReference; lastKnownFileType = folder.assetcatalog; path = Assets.xcassets; sourceTree = "<group>"; };
		638D67ED27314F8300E2CAB5 /* Base */ = {isa = PBXFileReference; lastKnownFileType = file.storyboard; name = Base; path = Base.lproj/LaunchScreen.storyboard; sourceTree = "<group>"; };
		638D67EF27314F8300E2CAB5 /* Info.plist */ = {isa = PBXFileReference; lastKnownFileType = text.plist.xml; path = Info.plist; sourceTree = "<group>"; };
		638D67F427314F8400E2CAB5 /* celo-reference-appTests.xctest */ = {isa = PBXFileReference; explicitFileType = wrapper.cfbundle; includeInIndex = 0; path = "celo-reference-appTests.xctest"; sourceTree = BUILT_PRODUCTS_DIR; };
		638D67F827314F8400E2CAB5 /* celo_reference_appTests.swift */ = {isa = PBXFileReference; lastKnownFileType = sourcecode.swift; path = celo_reference_appTests.swift; sourceTree = "<group>"; };
		638D67FA27314F8400E2CAB5 /* Info.plist */ = {isa = PBXFileReference; lastKnownFileType = text.plist.xml; path = Info.plist; sourceTree = "<group>"; };
		638D67FF27314F8400E2CAB5 /* celo-reference-appUITests.xctest */ = {isa = PBXFileReference; explicitFileType = wrapper.cfbundle; includeInIndex = 0; path = "celo-reference-appUITests.xctest"; sourceTree = BUILT_PRODUCTS_DIR; };
		638D680327314F8400E2CAB5 /* celo_reference_appUITests.swift */ = {isa = PBXFileReference; lastKnownFileType = sourcecode.swift; path = celo_reference_appUITests.swift; sourceTree = "<group>"; };
		638D680527314F8400E2CAB5 /* Info.plist */ = {isa = PBXFileReference; lastKnownFileType = text.plist.xml; path = Info.plist; sourceTree = "<group>"; };
		638D6A9C2742767900E2CAB5 /* CreateNewAccount.swift */ = {isa = PBXFileReference; lastKnownFileType = sourcecode.swift; path = CreateNewAccount.swift; sourceTree = "<group>"; };
		638D6AA02742781400E2CAB5 /* ViewControllerTest.swift */ = {isa = PBXFileReference; lastKnownFileType = sourcecode.swift; path = ViewControllerTest.swift; sourceTree = "<group>"; };
		63F4A5C12756A5DF00930160 /* celo_sdk_ios.framework */ = {isa = PBXFileReference; lastKnownFileType = wrapper.framework; name = celo_sdk_ios.framework; path = "../../../../Library/Developer/Xcode/DerivedData/CeloIOSWorkspace-alfzvhumpmeotjbgqdomghgabrvx/Build/Products/Debug-iphonesimulator/celo_sdk_ios.framework"; sourceTree = "<group>"; };
/* End PBXFileReference section */

/* Begin PBXFrameworksBuildPhase section */
		638D67DB27314F7C00E2CAB5 /* Frameworks */ = {
			isa = PBXFrameworksBuildPhase;
			buildActionMask = 2147483647;
			files = (
				63F4A5C22756A5DF00930160 /* celo_sdk_ios.framework in Frameworks */,
			);
			runOnlyForDeploymentPostprocessing = 0;
		};
		638D67F127314F8400E2CAB5 /* Frameworks */ = {
			isa = PBXFrameworksBuildPhase;
			buildActionMask = 2147483647;
			files = (
			);
			runOnlyForDeploymentPostprocessing = 0;
		};
		638D67FC27314F8400E2CAB5 /* Frameworks */ = {
			isa = PBXFrameworksBuildPhase;
			buildActionMask = 2147483647;
			files = (
			);
			runOnlyForDeploymentPostprocessing = 0;
		};
/* End PBXFrameworksBuildPhase section */

/* Begin PBXGroup section */
		638D67D527314F7C00E2CAB5 = {
			isa = PBXGroup;
			children = (
				638D67E027314F7C00E2CAB5 /* celo-reference-app */,
				638D67F727314F8400E2CAB5 /* celo-reference-appTests */,
				638D680227314F8400E2CAB5 /* celo-reference-appUITests */,
				638D67DF27314F7C00E2CAB5 /* Products */,
				638D682C2731518D00E2CAB5 /* Frameworks */,
			);
			sourceTree = "<group>";
		};
		638D67DF27314F7C00E2CAB5 /* Products */ = {
			isa = PBXGroup;
			children = (
				638D67DE27314F7C00E2CAB5 /* celo-reference-app.app */,
				638D67F427314F8400E2CAB5 /* celo-reference-appTests.xctest */,
				638D67FF27314F8400E2CAB5 /* celo-reference-appUITests.xctest */,
			);
			name = Products;
			sourceTree = "<group>";
		};
		638D67E027314F7C00E2CAB5 /* celo-reference-app */ = {
			isa = PBXGroup;
			children = (
				638D67E127314F7C00E2CAB5 /* AppDelegate.swift */,
				638D67E327314F7C00E2CAB5 /* SceneDelegate.swift */,
				638D67E527314F7C00E2CAB5 /* ViewController.swift */,
				638D67E727314F7C00E2CAB5 /* Main.storyboard */,
				638D67EA27314F8300E2CAB5 /* Assets.xcassets */,
				638D67EC27314F8300E2CAB5 /* LaunchScreen.storyboard */,
				638D67EF27314F8300E2CAB5 /* Info.plist */,
				638D6A9C2742767900E2CAB5 /* CreateNewAccount.swift */,
			);
			path = "celo-reference-app";
			sourceTree = "<group>";
		};
		638D67F727314F8400E2CAB5 /* celo-reference-appTests */ = {
			isa = PBXGroup;
			children = (
				638D67F827314F8400E2CAB5 /* celo_reference_appTests.swift */,
				638D67FA27314F8400E2CAB5 /* Info.plist */,
				638D6AA02742781400E2CAB5 /* ViewControllerTest.swift */,
			);
			path = "celo-reference-appTests";
			sourceTree = "<group>";
		};
		638D680227314F8400E2CAB5 /* celo-reference-appUITests */ = {
			isa = PBXGroup;
			children = (
				638D680327314F8400E2CAB5 /* celo_reference_appUITests.swift */,
				638D680527314F8400E2CAB5 /* Info.plist */,
			);
			path = "celo-reference-appUITests";
			sourceTree = "<group>";
		};
		638D682C2731518D00E2CAB5 /* Frameworks */ = {
			isa = PBXGroup;
			children = (
				63F4A5C12756A5DF00930160 /* celo_sdk_ios.framework */,
			);
			name = Frameworks;
			sourceTree = "<group>";
		};
/* End PBXGroup section */

/* Begin PBXNativeTarget section */
		638D67DD27314F7C00E2CAB5 /* celo-reference-app */ = {
			isa = PBXNativeTarget;
			buildConfigurationList = 638D680827314F8400E2CAB5 /* Build configuration list for PBXNativeTarget "celo-reference-app" */;
			buildPhases = (
				638D67DA27314F7C00E2CAB5 /* Sources */,
				638D67DB27314F7C00E2CAB5 /* Frameworks */,
				638D67DC27314F7C00E2CAB5 /* Resources */,
				637D7CEF2756748A006A6CDD /* Embed Frameworks */,
			);
			buildRules = (
			);
			dependencies = (
			);
			name = "celo-reference-app";
			productName = "celo-reference-app";
			productReference = 638D67DE27314F7C00E2CAB5 /* celo-reference-app.app */;
			productType = "com.apple.product-type.application";
		};
		638D67F327314F8400E2CAB5 /* celo-reference-appTests */ = {
			isa = PBXNativeTarget;
			buildConfigurationList = 638D680B27314F8400E2CAB5 /* Build configuration list for PBXNativeTarget "celo-reference-appTests" */;
			buildPhases = (
				638D67F027314F8400E2CAB5 /* Sources */,
				638D67F127314F8400E2CAB5 /* Frameworks */,
				638D67F227314F8400E2CAB5 /* Resources */,
			);
			buildRules = (
			);
			dependencies = (
				638D67F627314F8400E2CAB5 /* PBXTargetDependency */,
			);
			name = "celo-reference-appTests";
			productName = "celo-reference-appTests";
			productReference = 638D67F427314F8400E2CAB5 /* celo-reference-appTests.xctest */;
			productType = "com.apple.product-type.bundle.unit-test";
		};
		638D67FE27314F8400E2CAB5 /* celo-reference-appUITests */ = {
			isa = PBXNativeTarget;
			buildConfigurationList = 638D680E27314F8400E2CAB5 /* Build configuration list for PBXNativeTarget "celo-reference-appUITests" */;
			buildPhases = (
				638D67FB27314F8400E2CAB5 /* Sources */,
				638D67FC27314F8400E2CAB5 /* Frameworks */,
				638D67FD27314F8400E2CAB5 /* Resources */,
			);
			buildRules = (
			);
			dependencies = (
				638D680127314F8400E2CAB5 /* PBXTargetDependency */,
			);
			name = "celo-reference-appUITests";
			productName = "celo-reference-appUITests";
			productReference = 638D67FF27314F8400E2CAB5 /* celo-reference-appUITests.xctest */;
			productType = "com.apple.product-type.bundle.ui-testing";
		};
/* End PBXNativeTarget section */

/* Begin PBXProject section */
		638D67D627314F7C00E2CAB5 /* Project object */ = {
			isa = PBXProject;
			attributes = {
				LastSwiftUpdateCheck = 1240;
				LastUpgradeCheck = 1240;
				TargetAttributes = {
					638D67DD27314F7C00E2CAB5 = {
						CreatedOnToolsVersion = 12.4;
					};
					638D67F327314F8400E2CAB5 = {
						CreatedOnToolsVersion = 12.4;
						TestTargetID = 638D67DD27314F7C00E2CAB5;
					};
					638D67FE27314F8400E2CAB5 = {
						CreatedOnToolsVersion = 12.4;
						TestTargetID = 638D67DD27314F7C00E2CAB5;
					};
				};
			};
			buildConfigurationList = 638D67D927314F7C00E2CAB5 /* Build configuration list for PBXProject "celo-reference-app" */;
			compatibilityVersion = "Xcode 9.3";
			developmentRegion = en;
			hasScannedForEncodings = 0;
			knownRegions = (
				en,
				Base,
			);
			mainGroup = 638D67D527314F7C00E2CAB5;
			productRefGroup = 638D67DF27314F7C00E2CAB5 /* Products */;
			projectDirPath = "";
			projectRoot = "";
			targets = (
				638D67DD27314F7C00E2CAB5 /* celo-reference-app */,
				638D67F327314F8400E2CAB5 /* celo-reference-appTests */,
				638D67FE27314F8400E2CAB5 /* celo-reference-appUITests */,
			);
		};
/* End PBXProject section */

/* Begin PBXResourcesBuildPhase section */
		638D67DC27314F7C00E2CAB5 /* Resources */ = {
			isa = PBXResourcesBuildPhase;
			buildActionMask = 2147483647;
			files = (
				638D67EE27314F8300E2CAB5 /* LaunchScreen.storyboard in Resources */,
				638D67EB27314F8300E2CAB5 /* Assets.xcassets in Resources */,
				638D67E927314F7C00E2CAB5 /* Main.storyboard in Resources */,
			);
			runOnlyForDeploymentPostprocessing = 0;
		};
		638D67F227314F8400E2CAB5 /* Resources */ = {
			isa = PBXResourcesBuildPhase;
			buildActionMask = 2147483647;
			files = (
			);
			runOnlyForDeploymentPostprocessing = 0;
		};
		638D67FD27314F8400E2CAB5 /* Resources */ = {
			isa = PBXResourcesBuildPhase;
			buildActionMask = 2147483647;
			files = (
			);
			runOnlyForDeploymentPostprocessing = 0;
		};
/* End PBXResourcesBuildPhase section */

/* Begin PBXSourcesBuildPhase section */
		638D67DA27314F7C00E2CAB5 /* Sources */ = {
			isa = PBXSourcesBuildPhase;
			buildActionMask = 2147483647;
			files = (
				638D6A9D2742767900E2CAB5 /* CreateNewAccount.swift in Sources */,
				638D67E627314F7C00E2CAB5 /* ViewController.swift in Sources */,
				638D67E227314F7C00E2CAB5 /* AppDelegate.swift in Sources */,
				638D67E427314F7C00E2CAB5 /* SceneDelegate.swift in Sources */,
			);
			runOnlyForDeploymentPostprocessing = 0;
		};
		638D67F027314F8400E2CAB5 /* Sources */ = {
			isa = PBXSourcesBuildPhase;
			buildActionMask = 2147483647;
			files = (
				638D6AA12742781400E2CAB5 /* ViewControllerTest.swift in Sources */,
				638D67F927314F8400E2CAB5 /* celo_reference_appTests.swift in Sources */,
			);
			runOnlyForDeploymentPostprocessing = 0;
		};
		638D67FB27314F8400E2CAB5 /* Sources */ = {
			isa = PBXSourcesBuildPhase;
			buildActionMask = 2147483647;
			files = (
				638D680427314F8400E2CAB5 /* celo_reference_appUITests.swift in Sources */,
			);
			runOnlyForDeploymentPostprocessing = 0;
		};
/* End PBXSourcesBuildPhase section */

/* Begin PBXTargetDependency section */
		638D67F627314F8400E2CAB5 /* PBXTargetDependency */ = {
			isa = PBXTargetDependency;
			target = 638D67DD27314F7C00E2CAB5 /* celo-reference-app */;
			targetProxy = 638D67F527314F8400E2CAB5 /* PBXContainerItemProxy */;
		};
		638D680127314F8400E2CAB5 /* PBXTargetDependency */ = {
			isa = PBXTargetDependency;
			target = 638D67DD27314F7C00E2CAB5 /* celo-reference-app */;
			targetProxy = 638D680027314F8400E2CAB5 /* PBXContainerItemProxy */;
		};
/* End PBXTargetDependency section */

/* Begin PBXVariantGroup section */
		638D67E727314F7C00E2CAB5 /* Main.storyboard */ = {
			isa = PBXVariantGroup;
			children = (
				638D67E827314F7C00E2CAB5 /* Base */,
			);
			name = Main.storyboard;
			sourceTree = "<group>";
		};
		638D67EC27314F8300E2CAB5 /* LaunchScreen.storyboard */ = {
			isa = PBXVariantGroup;
			children = (
				638D67ED27314F8300E2CAB5 /* Base */,
			);
			name = LaunchScreen.storyboard;
			sourceTree = "<group>";
		};
/* End PBXVariantGroup section */

/* Begin XCBuildConfiguration section */
		638D680627314F8400E2CAB5 /* Debug */ = {
			isa = XCBuildConfiguration;
			buildSettings = {
				ALWAYS_SEARCH_USER_PATHS = NO;
				CLANG_ANALYZER_NONNULL = YES;
				CLANG_ANALYZER_NUMBER_OBJECT_CONVERSION = YES_AGGRESSIVE;
				CLANG_CXX_LANGUAGE_STANDARD = "gnu++14";
				CLANG_CXX_LIBRARY = "libc++";
				CLANG_ENABLE_MODULES = YES;
				CLANG_ENABLE_OBJC_ARC = YES;
				CLANG_ENABLE_OBJC_WEAK = YES;
				CLANG_WARN_BLOCK_CAPTURE_AUTORELEASING = YES;
				CLANG_WARN_BOOL_CONVERSION = YES;
				CLANG_WARN_COMMA = YES;
				CLANG_WARN_CONSTANT_CONVERSION = YES;
				CLANG_WARN_DEPRECATED_OBJC_IMPLEMENTATIONS = YES;
				CLANG_WARN_DIRECT_OBJC_ISA_USAGE = YES_ERROR;
				CLANG_WARN_DOCUMENTATION_COMMENTS = YES;
				CLANG_WARN_EMPTY_BODY = YES;
				CLANG_WARN_ENUM_CONVERSION = YES;
				CLANG_WARN_INFINITE_RECURSION = YES;
				CLANG_WARN_INT_CONVERSION = YES;
				CLANG_WARN_NON_LITERAL_NULL_CONVERSION = YES;
				CLANG_WARN_OBJC_IMPLICIT_RETAIN_SELF = YES;
				CLANG_WARN_OBJC_LITERAL_CONVERSION = YES;
				CLANG_WARN_OBJC_ROOT_CLASS = YES_ERROR;
				CLANG_WARN_QUOTED_INCLUDE_IN_FRAMEWORK_HEADER = YES;
				CLANG_WARN_RANGE_LOOP_ANALYSIS = YES;
				CLANG_WARN_STRICT_PROTOTYPES = YES;
				CLANG_WARN_SUSPICIOUS_MOVE = YES;
				CLANG_WARN_UNGUARDED_AVAILABILITY = YES_AGGRESSIVE;
				CLANG_WARN_UNREACHABLE_CODE = YES;
				CLANG_WARN__DUPLICATE_METHOD_MATCH = YES;
				COPY_PHASE_STRIP = NO;
				DEBUG_INFORMATION_FORMAT = dwarf;
				ENABLE_STRICT_OBJC_MSGSEND = YES;
				ENABLE_TESTABILITY = YES;
				GCC_C_LANGUAGE_STANDARD = gnu11;
				GCC_DYNAMIC_NO_PIC = NO;
				GCC_NO_COMMON_BLOCKS = YES;
				GCC_OPTIMIZATION_LEVEL = 0;
				GCC_PREPROCESSOR_DEFINITIONS = (
					"DEBUG=1",
					"$(inherited)",
				);
				GCC_WARN_64_TO_32_BIT_CONVERSION = YES;
				GCC_WARN_ABOUT_RETURN_TYPE = YES_ERROR;
				GCC_WARN_UNDECLARED_SELECTOR = YES;
				GCC_WARN_UNINITIALIZED_AUTOS = YES_AGGRESSIVE;
				GCC_WARN_UNUSED_FUNCTION = YES;
				GCC_WARN_UNUSED_VARIABLE = YES;
				IPHONEOS_DEPLOYMENT_TARGET = 14.4;
				MTL_ENABLE_DEBUG_INFO = INCLUDE_SOURCE;
				MTL_FAST_MATH = YES;
				ONLY_ACTIVE_ARCH = YES;
				SDKROOT = iphoneos;
				SWIFT_ACTIVE_COMPILATION_CONDITIONS = DEBUG;
				SWIFT_OPTIMIZATION_LEVEL = "-Onone";
			};
			name = Debug;
		};
		638D680727314F8400E2CAB5 /* Release */ = {
			isa = XCBuildConfiguration;
			buildSettings = {
				ALWAYS_SEARCH_USER_PATHS = NO;
				CLANG_ANALYZER_NONNULL = YES;
				CLANG_ANALYZER_NUMBER_OBJECT_CONVERSION = YES_AGGRESSIVE;
				CLANG_CXX_LANGUAGE_STANDARD = "gnu++14";
				CLANG_CXX_LIBRARY = "libc++";
				CLANG_ENABLE_MODULES = YES;
				CLANG_ENABLE_OBJC_ARC = YES;
				CLANG_ENABLE_OBJC_WEAK = YES;
				CLANG_WARN_BLOCK_CAPTURE_AUTORELEASING = YES;
				CLANG_WARN_BOOL_CONVERSION = YES;
				CLANG_WARN_COMMA = YES;
				CLANG_WARN_CONSTANT_CONVERSION = YES;
				CLANG_WARN_DEPRECATED_OBJC_IMPLEMENTATIONS = YES;
				CLANG_WARN_DIRECT_OBJC_ISA_USAGE = YES_ERROR;
				CLANG_WARN_DOCUMENTATION_COMMENTS = YES;
				CLANG_WARN_EMPTY_BODY = YES;
				CLANG_WARN_ENUM_CONVERSION = YES;
				CLANG_WARN_INFINITE_RECURSION = YES;
				CLANG_WARN_INT_CONVERSION = YES;
				CLANG_WARN_NON_LITERAL_NULL_CONVERSION = YES;
				CLANG_WARN_OBJC_IMPLICIT_RETAIN_SELF = YES;
				CLANG_WARN_OBJC_LITERAL_CONVERSION = YES;
				CLANG_WARN_OBJC_ROOT_CLASS = YES_ERROR;
				CLANG_WARN_QUOTED_INCLUDE_IN_FRAMEWORK_HEADER = YES;
				CLANG_WARN_RANGE_LOOP_ANALYSIS = YES;
				CLANG_WARN_STRICT_PROTOTYPES = YES;
				CLANG_WARN_SUSPICIOUS_MOVE = YES;
				CLANG_WARN_UNGUARDED_AVAILABILITY = YES_AGGRESSIVE;
				CLANG_WARN_UNREACHABLE_CODE = YES;
				CLANG_WARN__DUPLICATE_METHOD_MATCH = YES;
				COPY_PHASE_STRIP = NO;
				DEBUG_INFORMATION_FORMAT = "dwarf-with-dsym";
				ENABLE_NS_ASSERTIONS = NO;
				ENABLE_STRICT_OBJC_MSGSEND = YES;
				GCC_C_LANGUAGE_STANDARD = gnu11;
				GCC_NO_COMMON_BLOCKS = YES;
				GCC_WARN_64_TO_32_BIT_CONVERSION = YES;
				GCC_WARN_ABOUT_RETURN_TYPE = YES_ERROR;
				GCC_WARN_UNDECLARED_SELECTOR = YES;
				GCC_WARN_UNINITIALIZED_AUTOS = YES_AGGRESSIVE;
				GCC_WARN_UNUSED_FUNCTION = YES;
				GCC_WARN_UNUSED_VARIABLE = YES;
				IPHONEOS_DEPLOYMENT_TARGET = 14.4;
				MTL_ENABLE_DEBUG_INFO = NO;
				MTL_FAST_MATH = YES;
				SDKROOT = iphoneos;
				SWIFT_COMPILATION_MODE = wholemodule;
				SWIFT_OPTIMIZATION_LEVEL = "-O";
				VALIDATE_PRODUCT = YES;
			};
			name = Release;
		};
		638D680927314F8400E2CAB5 /* Debug */ = {
			isa = XCBuildConfiguration;
			buildSettings = {
				ASSETCATALOG_COMPILER_APPICON_NAME = AppIcon;
				ASSETCATALOG_COMPILER_GLOBAL_ACCENT_COLOR_NAME = AccentColor;
				CODE_SIGN_STYLE = Automatic;
				DEVELOPMENT_TEAM = ZT8NA52DSF;
				FRAMEWORK_SEARCH_PATHS = (
					"$(inherited)",
					"$(PROJECT_DIR)/Framework",
					"$(PROJECT_DIR)",
				);
				INFOPLIST_FILE = "celo-reference-app/Info.plist";
				LD_RUNPATH_SEARCH_PATHS = (
					"$(inherited)",
					"@executable_path/Frameworks",
				);
				PRODUCT_BUNDLE_IDENTIFIER = "com.heymate.celo-reference-app";
				PRODUCT_NAME = "$(TARGET_NAME)";
				SWIFT_VERSION = 5.0;
				TARGETED_DEVICE_FAMILY = "1,2";
			};
			name = Debug;
		};
		638D680A27314F8400E2CAB5 /* Release */ = {
			isa = XCBuildConfiguration;
			buildSettings = {
				ASSETCATALOG_COMPILER_APPICON_NAME = AppIcon;
				ASSETCATALOG_COMPILER_GLOBAL_ACCENT_COLOR_NAME = AccentColor;
				CODE_SIGN_STYLE = Automatic;
				DEVELOPMENT_TEAM = ZT8NA52DSF;
				FRAMEWORK_SEARCH_PATHS = (
					"$(inherited)",
					"$(PROJECT_DIR)/Framework",
					"$(PROJECT_DIR)",
				);
				INFOPLIST_FILE = "celo-reference-app/Info.plist";
				LD_RUNPATH_SEARCH_PATHS = (
					"$(inherited)",
					"@executable_path/Frameworks",
				);
				PRODUCT_BUNDLE_IDENTIFIER = "com.heymate.celo-reference-app";
				PRODUCT_NAME = "$(TARGET_NAME)";
				SWIFT_VERSION = 5.0;
				TARGETED_DEVICE_FAMILY = "1,2";
			};
			name = Release;
		};
		638D680C27314F8400E2CAB5 /* Debug */ = {
			isa = XCBuildConfiguration;
			buildSettings = {
				ALWAYS_EMBED_SWIFT_STANDARD_LIBRARIES = YES;
				BUNDLE_LOADER = "$(TEST_HOST)";
				CODE_SIGN_STYLE = Automatic;
				DEVELOPMENT_TEAM = ZT8NA52DSF;
				FRAMEWORK_SEARCH_PATHS = (
					"$(inherited)",
					"$(PROJECT_DIR)",
				);
				INFOPLIST_FILE = "celo-reference-appTests/Info.plist";
				IPHONEOS_DEPLOYMENT_TARGET = 14.4;
				LD_RUNPATH_SEARCH_PATHS = (
					"$(inherited)",
					"@executable_path/Frameworks",
					"@loader_path/Frameworks",
				);
				PRODUCT_BUNDLE_IDENTIFIER = "com.heymate.celo-reference-appTests";
				PRODUCT_NAME = "$(TARGET_NAME)";
				SWIFT_VERSION = 5.0;
				TARGETED_DEVICE_FAMILY = "1,2";
				TEST_HOST = "$(BUILT_PRODUCTS_DIR)/celo-reference-app.app/celo-reference-app";
			};
			name = Debug;
		};
		638D680D27314F8400E2CAB5 /* Release */ = {
			isa = XCBuildConfiguration;
			buildSettings = {
				ALWAYS_EMBED_SWIFT_STANDARD_LIBRARIES = YES;
				BUNDLE_LOADER = "$(TEST_HOST)";
				CODE_SIGN_STYLE = Automatic;
				DEVELOPMENT_TEAM = ZT8NA52DSF;
				FRAMEWORK_SEARCH_PATHS = (
					"$(inherited)",
					"$(PROJECT_DIR)",
				);
				INFOPLIST_FILE = "celo-reference-appTests/Info.plist";
				IPHONEOS_DEPLOYMENT_TARGET = 14.4;
				LD_RUNPATH_SEARCH_PATHS = (
					"$(inherited)",
					"@executable_path/Frameworks",
					"@loader_path/Frameworks",
				);
				PRODUCT_BUNDLE_IDENTIFIER = "com.heymate.celo-reference-appTests";
				PRODUCT_NAME = "$(TARGET_NAME)";
				SWIFT_VERSION = 5.0;
				TARGETED_DEVICE_FAMILY = "1,2";
				TEST_HOST = "$(BUILT_PRODUCTS_DIR)/celo-reference-app.app/celo-reference-app";
			};
			name = Release;
		};
		638D680F27314F8400E2CAB5 /* Debug */ = {
			isa = XCBuildConfiguration;
			buildSettings = {
				ALWAYS_EMBED_SWIFT_STANDARD_LIBRARIES = YES;
				CODE_SIGN_STYLE = Automatic;
				DEVELOPMENT_TEAM = ZT8NA52DSF;
				FRAMEWORK_SEARCH_PATHS = (
					"$(inherited)",
					"$(PROJECT_DIR)",
				);
				INFOPLIST_FILE = "celo-reference-appUITests/Info.plist";
				LD_RUNPATH_SEARCH_PATHS = (
					"$(inherited)",
					"@executable_path/Frameworks",
					"@loader_path/Frameworks",
				);
				PRODUCT_BUNDLE_IDENTIFIER = "com.heymate.celo-reference-appUITests";
				PRODUCT_NAME = "$(TARGET_NAME)";
				SWIFT_VERSION = 5.0;
				TARGETED_DEVICE_FAMILY = "1,2";
				TEST_TARGET_NAME = "celo-reference-app";
			};
			name = Debug;
		};
		638D681027314F8400E2CAB5 /* Release */ = {
			isa = XCBuildConfiguration;
			buildSettings = {
				ALWAYS_EMBED_SWIFT_STANDARD_LIBRARIES = YES;
				CODE_SIGN_STYLE = Automatic;
				DEVELOPMENT_TEAM = ZT8NA52DSF;
				FRAMEWORK_SEARCH_PATHS = (
					"$(inherited)",
					"$(PROJECT_DIR)",
				);
				INFOPLIST_FILE = "celo-reference-appUITests/Info.plist";
				LD_RUNPATH_SEARCH_PATHS = (
					"$(inherited)",
					"@executable_path/Frameworks",
					"@loader_path/Frameworks",
				);
				PRODUCT_BUNDLE_IDENTIFIER = "com.heymate.celo-reference-appUITests";
				PRODUCT_NAME = "$(TARGET_NAME)";
				SWIFT_VERSION = 5.0;
				TARGETED_DEVICE_FAMILY = "1,2";
				TEST_TARGET_NAME = "celo-reference-app";
			};
			name = Release;
		};
/* End XCBuildConfiguration section */

/* Begin XCConfigurationList section */
		638D67D927314F7C00E2CAB5 /* Build configuration list for PBXProject "celo-reference-app" */ = {
			isa = XCConfigurationList;
			buildConfigurations = (
				638D680627314F8400E2CAB5 /* Debug */,
				638D680727314F8400E2CAB5 /* Release */,
			);
			defaultConfigurationIsVisible = 0;
			defaultConfigurationName = Release;
		};
		638D680827314F8400E2CAB5 /* Build configuration list for PBXNativeTarget "celo-reference-app" */ = {
			isa = XCConfigurationList;
			buildConfigurations = (
				638D680927314F8400E2CAB5 /* Debug */,
				638D680A27314F8400E2CAB5 /* Release */,
			);
			defaultConfigurationIsVisible = 0;
			defaultConfigurationName = Release;
		};
		638D680B27314F8400E2CAB5 /* Build configuration list for PBXNativeTarget "celo-reference-appTests" */ = {
			isa = XCConfigurationList;
			buildConfigurations = (
				638D680C27314F8400E2CAB5 /* Debug */,
				638D680D27314F8400E2CAB5 /* Release */,
			);
			defaultConfigurationIsVisible = 0;
			defaultConfigurationName = Release;
		};
		638D680E27314F8400E2CAB5 /* Build configuration list for PBXNativeTarget "celo-reference-appUITests" */ = {
			isa = XCConfigurationList;
			buildConfigurations = (
				638D680F27314F8400E2CAB5 /* Debug */,
				638D681027314F8400E2CAB5 /* Release */,
			);
			defaultConfigurationIsVisible = 0;
			defaultConfigurationName = Release;
		};
/* End XCConfigurationList section */
	};
	rootObject = 638D67D627314F7C00E2CAB5 /* Project object */;
}
